Microsoft Visual Studio Solution File, Format Version 12.00
# Visual Studio Version 17
VisualStudioVersion = 17.5.2.0
MinimumVisualStudioVersion = 10.0.40219.1
Project("{FAE04EC0-301F-11D3-BF4B-00C04F79EFBC}") = "ApiPostgre", "ApiPostgre\ApiPostgre.csproj", "{168EBE22-6825-C530-5F75-FC7809B25DB2}"
EndProject
Global
	GlobalSection(SolutionConfigurationPlatforms) = preSolution
		Debug|Any CPU = Debug|Any CPU
		Release|Any CPU = Release|Any CPU
	EndGlobalSection
	GlobalSection(ProjectConfigurationPlatforms) = postSolution
		{168EBE22-6825-C530-5F75-FC7809B25DB2}.Debug|Any CPU.ActiveCfg = Debug|Any CPU
		{168EBE22-6825-C530-5F75-FC7809B25DB2}.Debug|Any CPU.Build.0 = Debug|Any CPU
		{168EBE22-6825-C530-5F75-FC7809B25DB2}.Release|Any CPU.ActiveCfg = Release|Any CPU
		{168EBE22-6825-C530-5F75-FC7809B25DB2}.Release|Any CPU.Build.0 = Release|Any CPU
	EndGlobalSection
	GlobalSection(SolutionProperties) = preSolution
		HideSolutionNode = FALSE
	EndGlobalSection
	GlobalSection(ExtensibilityGlobals) = postSolution
		SolutionGuid = {D275FB73-253A-459F-8955-29A6E389B5AE}
	EndGlobalSection
EndGlobal
